Microsoft Visual Studio Solution File, Format Version 12.00
# Visual Studio Version 17
VisualStudioVersion = 17.5.2.0
MinimumVisualStudioVersion = 10.0.40219.1
Project("{FAE04EC0-301F-11D3-BF4B-00C04F79EFBC}") = "dotnet-env", "dotnet-env\dotnet-env.csproj", "{07CEB84E-1A0C-62AB-40ED-4580B0208B76}"
EndProject
Global
	GlobalSection(SolutionConfigurationPlatforms) = preSolution
		Debug|Any CPU = Debug|Any CPU
		Release|Any CPU = Release|Any CPU
	EndGlobalSection
	GlobalSection(ProjectConfigurationPlatforms) = postSolution
		{07CEB84E-1A0C-62AB-40ED-4580B0208B76}.Debug|Any CPU.ActiveCfg = Debug|Any CPU
		{07CEB84E-1A0C-62AB-40ED-4580B0208B76}.Debug|Any CPU.Build.0 = Debug|Any CPU
		{07CEB84E-1A0C-62AB-40ED-4580B0208B76}.Release|Any CPU.ActiveCfg = Release|Any CPU
		{07CEB84E-1A0C-62AB-40ED-4580B0208B76}.Release|Any CPU.Build.0 = Release|Any CPU
	EndGlobalSection
	GlobalSection(SolutionProperties) = preSolution
		HideSolutionNode = FALSE
	EndGlobalSection
	GlobalSection(ExtensibilityGlobals) = postSolution
		SolutionGuid = {E2D7BE7E-1914-4899-A143-4E978CD6AE45}
	EndGlobalSection
EndGlobal
